
Microsoft Visual Studio Solution File, Format Version 12.00
# Visual Studio Version 17
VisualStudioVersion = 17.4.33213.308
MinimumVisualStudioVersion = 10.0.40219.1
Project("{FAE04EC0-301F-11D3-BF4B-00C04F79EFBC}") = "usuario", "usuario.csproj", "{FBB58A8D-1B7A-4330-A297-0166845A3580}"
EndProject
Global
	GlobalSection(SolutionConfigurationPlatforms) = preSolution
		Debug|Any CPU = Debug|Any CPU
		Release|Any CPU = Release|Any CPU
	EndGlobalSection
	GlobalSection(ProjectConfigurationPlatforms) = postSolution
		{FBB58A8D-1B7A-4330-A297-0166845A3580}.Debug|Any CPU.ActiveCfg = Debug|Any CPU
		{FBB58A8D-1B7A-4330-A297-0166845A3580}.Debug|Any CPU.Build.0 = Debug|Any CPU
		{FBB58A8D-1B7A-4330-A297-0166845A3580}.Release|Any CPU.ActiveCfg = Release|Any CPU
		{FBB58A8D-1B7A-4330-A297-0166845A3580}.Release|Any CPU.Build.0 = Release|Any CPU
	EndGlobalSection
	GlobalSection(SolutionProperties) = preSolution
		HideSolutionNode = FALSE
	EndGlobalSection
	GlobalSection(ExtensibilityGlobals) = postSolution
		SolutionGuid = {67CA8E79-5DF0-4AC4-9DAD-953789F615DC}
	EndGlobalSection
EndGlobal
